
Microsoft Visual Studio Solution File, Format Version 12.00
# Visual Studio Version 17
VisualStudioVersion = 17.5.002.0
MinimumVisualStudioVersion = 10.0.40219.1
Project("{9A19103F-16F7-4668-BE54-9A1E7A4F7556}") = "CatAndMouse", "CatAndMouse.csproj", "{B3356DF2-4A40-41D2-9C2A-54F3D05FE53F}"
EndProject
Global
	GlobalSection(SolutionConfigurationPlatforms) = preSolution
		Debug|Any CPU = Debug|Any CPU
		Release|Any CPU = Release|Any CPU
	EndGlobalSection
	GlobalSection(ProjectConfigurationPlatforms) = postSolution
		{B3356DF2-4A40-41D2-9C2A-54F3D05FE53F}.Debug|Any CPU.ActiveCfg = Debug|Any CPU
		{B3356DF2-4A40-41D2-9C2A-54F3D05FE53F}.Debug|Any CPU.Build.0 = Debug|Any CPU
		{B3356DF2-4A40-41D2-9C2A-54F3D05FE53F}.Release|Any CPU.ActiveCfg = Release|Any CPU
		{B3356DF2-4A40-41D2-9C2A-54F3D05FE53F}.Release|Any CPU.Build.0 = Release|Any CPU
	EndGlobalSection
	GlobalSection(SolutionProperties) = preSolution
		HideSolutionNode = FALSE
	EndGlobalSection
	GlobalSection(ExtensibilityGlobals) = postSolution
		SolutionGuid = {098AFA87-9935-4650-918E-99455A2A5A5F}
	EndGlobalSection
EndGlobal
